
Microsoft Visual Studio Solution File, Format Version 12.00
# Visual Studio Version 17
VisualStudioVersion = 17.14.36310.24
MinimumVisualStudioVersion = 10.0.40219.1
Project("{FAE04EC0-301F-11D3-BF4B-00C04F79EFBC}") = "LANFileSharing", "LANFileSharing\LANFileSharing.csproj", "{5F6EAB1C-FB7A-4585-A46F-2BE2680B1B01}"
EndProject
Project("{54435603-DBB4-11D2-8724-00A0C9A8B90C}") = "LAN File Sharer", "LAN File Sharer\LAN File Sharer.vdproj", "{F2C16CE9-368C-29A5-516A-CAAD89DE7450}"
EndProject
Global
	GlobalSection(SolutionConfigurationPlatforms) = preSolution
		Debug|Any CPU = Debug|Any CPU
		Release|Any CPU = Release|Any CPU
	EndGlobalSection
	GlobalSection(ProjectConfigurationPlatforms) = postSolution
		{5F6EAB1C-FB7A-4585-A46F-2BE2680B1B01}.Debug|Any CPU.ActiveCfg = Release|Any CPU
		{5F6EAB1C-FB7A-4585-A46F-2BE2680B1B01}.Debug|Any CPU.Build.0 = Release|Any CPU
		{5F6EAB1C-FB7A-4585-A46F-2BE2680B1B01}.Release|Any CPU.ActiveCfg = Release|Any CPU
		{5F6EAB1C-FB7A-4585-A46F-2BE2680B1B01}.Release|Any CPU.Build.0 = Release|Any CPU
		{F2C16CE9-368C-29A5-516A-CAAD89DE7450}.Debug|Any CPU.ActiveCfg = Release
		{F2C16CE9-368C-29A5-516A-CAAD89DE7450}.Release|Any CPU.ActiveCfg = Release
	EndGlobalSection
	GlobalSection(SolutionProperties) = preSolution
		HideSolutionNode = FALSE
	EndGlobalSection
	GlobalSection(ExtensibilityGlobals) = postSolution
		SolutionGuid = {3EC59C8C-8186-43A2-BFF1-5343BB1D38E4}
	EndGlobalSection
EndGlobal
